
Microsoft Visual Studio Solution File, Format Version 12.00
# Visual Studio 15
VisualStudioVersion = 15.0.28307.271
MinimumVisualStudioVersion = 10.0.40219.1
Project("{F184B08F-C81C-45F6-A57F-5ABD9991F28F}") = "Program 8.3", "Program 8.3\Program 8.3.vbproj", "{59D84C6B-E5BD-4510-B3EB-DE332F453CB6}"
EndProject
Global
	GlobalSection(SolutionConfigurationPlatforms) = preSolution
		Debug|Any CPU = Debug|Any CPU
		Release|Any CPU = Release|Any CPU
	EndGlobalSection
	GlobalSection(ProjectConfigurationPlatforms) = postSolution
		{59D84C6B-E5BD-4510-B3EB-DE332F453CB6}.Debug|Any CPU.ActiveCfg = Debug|Any CPU
		{59D84C6B-E5BD-4510-B3EB-DE332F453CB6}.Debug|Any CPU.Build.0 = Debug|Any CPU
		{59D84C6B-E5BD-4510-B3EB-DE332F453CB6}.Release|Any CPU.ActiveCfg = Release|Any CPU
		{59D84C6B-E5BD-4510-B3EB-DE332F453CB6}.Release|Any CPU.Build.0 = Release|Any CPU
	EndGlobalSection
	GlobalSection(SolutionProperties) = preSolution
		HideSolutionNode = FALSE
	EndGlobalSection
	GlobalSection(ExtensibilityGlobals) = postSolution
		SolutionGuid = {B4F00B64-416D-4667-B907-45F75471B587}
	EndGlobalSection
EndGlobal
